
Microsoft Visual Studio Solution File, Format Version 12.00
# Visual Studio Version 16
VisualStudioVersion = 16.0.30114.105
MinimumVisualStudioVersion = 10.0.40219.1
Project("{2150E333-8FDC-42A3-9474-1A3956D46DE8}") = "src", "src", "{6E1DCCB3-AECB-435C-9369-7FE8C2C92F5F}"
EndProject
Project("{FAE04EC0-301F-11D3-BF4B-00C04F79EFBC}") = "Examples.AutoUpdate", "src\Examples.AutoUpdate\Examples.AutoUpdate.csproj", "{F177DAAE-AAA0-4C5E-B301-CA947B80B4D7}"
EndProject
Project("{FAE04EC0-301F-11D3-BF4B-00C04F79EFBC}") = "Examples.AutoUpdate.Updater", "src\Examples.AutoUpdate.Updater\Examples.AutoUpdate.Updater.csproj", "{16B9C27D-7FB5-4B75-957B-174399EC858E}"
EndProject
Global
	GlobalSection(SolutionConfigurationPlatforms) = preSolution
		Debug|Any CPU = Debug|Any CPU
		Release|Any CPU = Release|Any CPU
	EndGlobalSection
	GlobalSection(SolutionProperties) = preSolution
		HideSolutionNode = FALSE
	EndGlobalSection
	GlobalSection(ProjectConfigurationPlatforms) = postSolution
		{F177DAAE-AAA0-4C5E-B301-CA947B80B4D7}.Debug|Any CPU.ActiveCfg = Debug|Any CPU
		{F177DAAE-AAA0-4C5E-B301-CA947B80B4D7}.Debug|Any CPU.Build.0 = Debug|Any CPU
		{F177DAAE-AAA0-4C5E-B301-CA947B80B4D7}.Release|Any CPU.ActiveCfg = Release|Any CPU
		{F177DAAE-AAA0-4C5E-B301-CA947B80B4D7}.Release|Any CPU.Build.0 = Release|Any CPU
		{16B9C27D-7FB5-4B75-957B-174399EC858E}.Debug|Any CPU.ActiveCfg = Debug|Any CPU
		{16B9C27D-7FB5-4B75-957B-174399EC858E}.Debug|Any CPU.Build.0 = Debug|Any CPU
		{16B9C27D-7FB5-4B75-957B-174399EC858E}.Release|Any CPU.ActiveCfg = Release|Any CPU
		{16B9C27D-7FB5-4B75-957B-174399EC858E}.Release|Any CPU.Build.0 = Release|Any CPU
	EndGlobalSection
	GlobalSection(NestedProjects) = preSolution
		{F177DAAE-AAA0-4C5E-B301-CA947B80B4D7} = {6E1DCCB3-AECB-435C-9369-7FE8C2C92F5F}
		{16B9C27D-7FB5-4B75-957B-174399EC858E} = {6E1DCCB3-AECB-435C-9369-7FE8C2C92F5F}
	EndGlobalSection
EndGlobal
